{
  "name": "pi-mermaid-viewer",
  "lockfileVersion": 3,
  "requires": true,
  "packages": {
    "": {
      "name": "pi-mermaid-viewer",
      "dependencies": {
        "grok-mermaid": "0.2.3"
      }
    },
    "node_modules/grok-mermaid": {
      "version": "0.2.3",
      "resolved": "https://registry.npmjs.org/grok-mermaid/-/grok-mermaid-0.2.3.tgz",
      "integrity": "sha512-/4KopAbsjvuRP9MdPtlDjOHUmUVEohOX73JNcsWpzAtFxh+bq5+Dhb6gzvRieLDwIPQIR3/vy8V1NNTuz4Zsmg==",
      "license": "Apache-2.0",
      "engines": {
        "node": ">=18"
      }
    }
  }
}
